
Microsoft Visual Studio Solution File, Format Version 12.00
# Visual Studio Version 16
VisualStudioVersion = 16.0.28407.52
MinimumVisualStudioVersion = 10.0.40219.1
Project("{888888A0-9F3D-457C-B088-3A5042F75D52}") = "KazumaBot", "KazumaBot.pyproj", "{9C0B38E8-600D-4BD3-BFFB-516021C549DE}"
EndProject
Global
	GlobalSection(SolutionConfigurationPlatforms) = preSolution
		Debug|Any CPU = Debug|Any CPU
		Release|Any CPU = Release|Any CPU
	EndGlobalSection
	GlobalSection(ProjectConfigurationPlatforms) = postSolution
		{9C0B38E8-600D-4BD3-BFFB-516021C549DE}.Debug|Any CPU.ActiveCfg = Debug|Any CPU
		{9C0B38E8-600D-4BD3-BFFB-516021C549DE}.Release|Any CPU.ActiveCfg = Release|Any CPU
	EndGlobalSection
	GlobalSection(SolutionProperties) = preSolution
		HideSolutionNode = FALSE
	EndGlobalSection
	GlobalSection(ExtensibilityGlobals) = postSolution
		SolutionGuid = {2A0B0E94-F424-43D9-9E14-765D363AE645}
	EndGlobalSection
EndGlobal
